dependencies:
- name: rabbitmq
  repository: https://charts.bitnami.com/bitnami
  version: 11.2.2
- name: elasticsearch
  repository: https://helm.elastic.co
  version: 7.17.3
- name: mongodb
  repository: oci://registry-1.docker.io/bitnamicharts
  version: 14.0.4
- name: jupyterhub
  repository: https://jupyterhub.github.io/helm-chart/
  version: 3.2.1
digest: sha256:f77e87c16f5417c9ba3d30143451035d6b570c5eb9d736589069e31e26ab5adf
generated: "2024-02-26T13:51:48.48639+01:00"
