dependencies:
- name: rabbitmq
  repository: https://kubernetes-charts.storage.googleapis.com/
  version: 4.0.1
- name: mongodb
  repository: https://kubernetes-charts.storage.googleapis.com/
  version: 4.9.1
- name: elasticsearch
  repository: https://kubernetes-charts.storage.googleapis.com/
  version: 1.15.0
- name: postgresql
  repository: https://kubernetes-charts.storage.googleapis.com/
  version: 3.1.1
digest: sha256:c6c65e79414429b8b2ecdba6fa2f13628614a0be3c5fff8947c79270a00386fb
generated: 2018-12-12T14:02:40.726497+01:00
